
Microsoft Visual Studio Solution File, Format Version 12.00
# Visual Studio Version 17
VisualStudioVersion = 17.9.34622.214
MinimumVisualStudioVersion = 10.0.40219.1
Project("{FAE04EC0-301F-11D3-BF4B-00C04F79EFBC}") = "StudyPythonWebsite", "StudyPythonWebsite\StudyPythonWebsite.csproj", "{D5F394D0-8B66-4A67-9D18-86CAAFD76064}"
EndProject
Global
	GlobalSection(SolutionConfigurationPlatforms) = preSolution
		Debug|Any CPU = Debug|Any CPU
		Release|Any CPU = Release|Any CPU
	EndGlobalSection
	GlobalSection(ProjectConfigurationPlatforms) = postSolution
		{D5F394D0-8B66-4A67-9D18-86CAAFD76064}.Debug|Any CPU.ActiveCfg = Debug|Any CPU
		{D5F394D0-8B66-4A67-9D18-86CAAFD76064}.Debug|Any CPU.Build.0 = Debug|Any CPU
		{D5F394D0-8B66-4A67-9D18-86CAAFD76064}.Release|Any CPU.ActiveCfg = Release|Any CPU
		{D5F394D0-8B66-4A67-9D18-86CAAFD76064}.Release|Any CPU.Build.0 = Release|Any CPU
	EndGlobalSection
	GlobalSection(SolutionProperties) = preSolution
		HideSolutionNode = FALSE
	EndGlobalSection
	GlobalSection(ExtensibilityGlobals) = postSolution
		SolutionGuid = {531C97E6-915D-432B-A63C-F9FF1F485A0E}
	EndGlobalSection
EndGlobal
